// !$*UTF8*$!
{
	archiveVersion = 1;
	classes = {
	};
	objectVersion = 56;
	objects = {

/* Begin PBXBuildFile section */
		AA000001000000000000001 /* OrchidApp.swift in Sources */ = {isa = PBXBuildFile; fileRef = AA000002000000000000001 /* OrchidApp.swift */; };
		AA000001000000000000002 /* AppDelegate.swift in Sources */ = {isa = PBXBuildFile; fileRef = AA000002000000000000002 /* AppDelegate.swift */; };
		AA000001000000000000003 /* OverlayWindowController.swift in Sources */ = {isa = PBXBuildFile; fileRef = AA000002000000000000003 /* OverlayWindowController.swift */; };
		AA000001000000000000004 /* SelectionView.swift in Sources */ = {isa = PBXBuildFile; fileRef = AA000002000000000000004 /* SelectionView.swift */; };
		AA000001000000000000005 /* ScreenCapture.swift in Sources */ = {isa = PBXBuildFile; fileRef = AA000002000000000000005 /* ScreenCapture.swift */; };
		AA000001000000000000006 /* OCRClient.swift in Sources */ = {isa = PBXBuildFile; fileRef = AA000002000000000000006 /* OCRClient.swift */; };
		AA000001000000000000007 /* ResultPanelController.swift in Sources */ = {isa = PBXBuildFile; fileRef = AA000002000000000000007 /* ResultPanelController.swift */; };
		AA000001000000000000010 /* CacheManagerController.swift in Sources */ = {isa = PBXBuildFile; fileRef = AA000002000000000000010 /* CacheManagerController.swift */; };
		AA000001000000000000011 /* OrchidIcon.swift in Sources */ = {isa = PBXBuildFile; fileRef = AA000002000000000000011 /* OrchidIcon.swift */; };
		AA000001000000000000012 /* OrchidConfig.swift in Sources */ = {isa = PBXBuildFile; fileRef = AA000002000000000000012 /* OrchidConfig.swift */; };
		AA000001000000000000013 /* ServerManager.swift in Sources */ = {isa = PBXBuildFile; fileRef = AA000002000000000000013 /* ServerManager.swift */; };
		AA000001000000000000020 /* HuggingFaceDownloader.swift in Sources */ = {isa = PBXBuildFile; fileRef = AA000002000000000000020 /* HuggingFaceDownloader.swift */; };
		AA000001000000000000021 /* ModelDownloadWindowController.swift in Sources */ = {isa = PBXBuildFile; fileRef = AA000002000000000000021 /* ModelDownloadWindowController.swift */; };
		AA000001000000000000014 /* TOMLKit in Frameworks */ = {isa = PBXBuildFile; productRef = AA000012000000000000001 /* TOMLKit */; };
		AA000001000000000000015 /* Assets.xcassets in Resources */ = {isa = PBXBuildFile; fileRef = AA000002000000000000015 /* Assets.xcassets */; };
		AA000001000000000000016 /* AppIcon.icns in Resources */ = {isa = PBXBuildFile; fileRef = AA000002000000000000016 /* AppIcon.icns */; };
/* End PBXBuildFile section */

/* Begin PBXFileReference section */
		AA000002000000000000001 /* OrchidApp.swift */ = {isa = PBXFileReference; lastKnownFileType = sourcecode.swift; path = OrchidApp.swift; sourceTree = "<group>"; };
		AA000002000000000000002 /* AppDelegate.swift */ = {isa = PBXFileReference; lastKnownFileType = sourcecode.swift; path = AppDelegate.swift; sourceTree = "<group>"; };
		AA000002000000000000003 /* OverlayWindowController.swift */ = {isa = PBXFileReference; lastKnownFileType = sourcecode.swift; path = OverlayWindowController.swift; sourceTree = "<group>"; };
		AA000002000000000000004 /* SelectionView.swift */ = {isa = PBXFileReference; lastKnownFileType = sourcecode.swift; path = SelectionView.swift; sourceTree = "<group>"; };
		AA000002000000000000005 /* ScreenCapture.swift */ = {isa = PBXFileReference; lastKnownFileType = sourcecode.swift; path = ScreenCapture.swift; sourceTree = "<group>"; };
		AA000002000000000000006 /* OCRClient.swift */ = {isa = PBXFileReference; lastKnownFileType = sourcecode.swift; path = OCRClient.swift; sourceTree = "<group>"; };
		AA000002000000000000007 /* ResultPanelController.swift */ = {isa = PBXFileReference; lastKnownFileType = sourcecode.swift; path = ResultPanelController.swift; sourceTree = "<group>"; };
		AA000002000000000000008 /* Info.plist */ = {isa = PBXFileReference; lastKnownFileType = text.plist.xml; path = Info.plist; sourceTree = "<group>"; };
		AA000002000000000000009 /* Orchid.entitlements */ = {isa = PBXFileReference; lastKnownFileType = text.plist.entitlements; path = Orchid.entitlements; sourceTree = "<group>"; };
		AA000002000000000000010 /* CacheManagerController.swift */ = {isa = PBXFileReference; lastKnownFileType = sourcecode.swift; path = CacheManagerController.swift; sourceTree = "<group>"; };
		AA000002000000000000011 /* OrchidIcon.swift */ = {isa = PBXFileReference; lastKnownFileType = sourcecode.swift; path = OrchidIcon.swift; sourceTree = "<group>"; };
		AA000002000000000000012 /* OrchidConfig.swift */ = {isa = PBXFileReference; lastKnownFileType = sourcecode.swift; path = OrchidConfig.swift; sourceTree = "<group>"; };
		AA000002000000000000013 /* ServerManager.swift */ = {isa = PBXFileReference; lastKnownFileType = sourcecode.swift; path = ServerManager.swift; sourceTree = "<group>"; };
		AA000002000000000000020 /* HuggingFaceDownloader.swift */ = {isa = PBXFileReference; lastKnownFileType = sourcecode.swift; path = HuggingFaceDownloader.swift; sourceTree = "<group>"; };
		AA000002000000000000021 /* ModelDownloadWindowController.swift */ = {isa = PBXFileReference; lastKnownFileType = sourcecode.swift; path = ModelDownloadWindowController.swift; sourceTree = "<group>"; };
		AA000002000000000000015 /* Assets.xcassets */ = {isa = PBXFileReference; lastKnownFileType = folder.assetcatalog; path = Assets.xcassets; sourceTree = "<group>"; };
		AA000002000000000000016 /* AppIcon.icns */ = {isa = PBXFileReference; lastKnownFileType = image.icns; path = AppIcon.icns; sourceTree = "<group>"; };
		AA000003000000000000001 /* Orchid.app */ = {isa = PBXFileReference; explicitFileType = wrapper.application; includeInIndex = 0; path = Orchid.app; sourceTree = BUILT_PRODUCTS_DIR; };
/* End PBXFileReference section */

/* Begin PBXFrameworksBuildPhase section */
		AA000004000000000000001 /* Frameworks */ = {
			isa = PBXFrameworksBuildPhase;
			buildActionMask = 2147483647;
			files = (
				AA000001000000000000014 /* TOMLKit in Frameworks */,
			);
			runOnlyForDeploymentPostprocessing = 0;
		};
/* End PBXFrameworksBuildPhase section */

/* Begin PBXGroup section */
		AA000005000000000000001 /* Orchid */ = {
			isa = PBXGroup;
			children = (
				AA000002000000000000001 /* OrchidApp.swift */,
				AA000002000000000000002 /* AppDelegate.swift */,
				AA000002000000000000003 /* OverlayWindowController.swift */,
				AA000002000000000000004 /* SelectionView.swift */,
				AA000002000000000000005 /* ScreenCapture.swift */,
				AA000002000000000000006 /* OCRClient.swift */,
				AA000002000000000000007 /* ResultPanelController.swift */,
				AA000002000000000000008 /* Info.plist */,
				AA000002000000000000009 /* Orchid.entitlements */,
				AA000002000000000000010 /* CacheManagerController.swift */,
				AA000002000000000000011 /* OrchidIcon.swift */,
				AA000002000000000000012 /* OrchidConfig.swift */,
				AA000002000000000000013 /* ServerManager.swift */,
				AA000002000000000000020 /* HuggingFaceDownloader.swift */,
				AA000002000000000000021 /* ModelDownloadWindowController.swift */,
				AA000002000000000000015 /* Assets.xcassets */,
				AA000002000000000000016 /* AppIcon.icns */,
			);
			path = Orchid;
			sourceTree = "<group>";
		};
		AA000005000000000000002 /* Products */ = {
			isa = PBXGroup;
			children = (
				AA000003000000000000001 /* Orchid.app */,
			);
			name = Products;
			sourceTree = "<group>";
		};
		AA000005000000000000003 = {
			isa = PBXGroup;
			children = (
				AA000005000000000000001 /* Orchid */,
				AA000005000000000000002 /* Products */,
			);
			sourceTree = "<group>";
		};
/* End PBXGroup section */

/* Begin PBXNativeTarget section */
		AA000006000000000000001 /* Orchid */ = {
			isa = PBXNativeTarget;
			buildConfigurationList = AA000009000000000000002 /* Build configuration list for PBXNativeTarget "Orchid" */;
			buildPhases = (
				AA000007000000000000001 /* Sources */,
				AA000004000000000000001 /* Frameworks */,
				AA000008000000000000001 /* Resources */,
			);
			buildRules = (
			);
			dependencies = (
			);
			name = Orchid;
			packageProductDependencies = (
				AA000012000000000000001 /* TOMLKit */,
			);
			productName = Orchid;
			productReference = AA000003000000000000001 /* Orchid.app */;
			productType = "com.apple.product-type.application";
		};
/* End PBXNativeTarget section */

/* Begin PBXProject section */
		AA000000000000000000001 /* Project object */ = {
			isa = PBXProject;
			attributes = {
				BuildIndependentTargetsInParallel = 1;
				LastSwiftUpdateCheck = 1500;
				LastUpgradeCheck = 1500;
				TargetAttributes = {
					AA000006000000000000001 = {
						CreatedOnToolsVersion = 15.0;
					};
				};
			};
			buildConfigurationList = AA000009000000000000001 /* Build configuration list for PBXProject "Orchid" */;
			compatibilityVersion = "Xcode 14.0";
			developmentRegion = en;
			hasScannedForEncodings = 0;
			knownRegions = (
				en,
				Base,
			);
			mainGroup = AA000005000000000000003;
			packageReferences = (
				AA000013000000000000001 /* XCRemoteSwiftPackageReference "TOMLKit" */,
			);
			productRefGroup = AA000005000000000000002 /* Products */;
			projectDirPath = "";
			projectRoot = "";
			targets = (
				AA000006000000000000001 /* Orchid */,
			);
		};
/* End PBXProject section */

/* Begin PBXResourcesBuildPhase section */
		AA000008000000000000001 /* Resources */ = {
			isa = PBXResourcesBuildPhase;
			buildActionMask = 2147483647;
			files = (
				AA000001000000000000015 /* Assets.xcassets in Resources */,
				AA000001000000000000016 /* AppIcon.icns in Resources */,
			);
			runOnlyForDeploymentPostprocessing = 0;
		};
/* End PBXResourcesBuildPhase section */

/* Begin PBXSourcesBuildPhase section */
		AA000007000000000000001 /* Sources */ = {
			isa = PBXSourcesBuildPhase;
			buildActionMask = 2147483647;
			files = (
				AA000001000000000000001 /* OrchidApp.swift in Sources */,
				AA000001000000000000002 /* AppDelegate.swift in Sources */,
				AA000001000000000000003 /* OverlayWindowController.swift in Sources */,
				AA000001000000000000004 /* SelectionView.swift in Sources */,
				AA000001000000000000005 /* ScreenCapture.swift in Sources */,
				AA000001000000000000006 /* OCRClient.swift in Sources */,
				AA000001000000000000007 /* ResultPanelController.swift in Sources */,
				AA000001000000000000010 /* CacheManagerController.swift in Sources */,
				AA000001000000000000011 /* OrchidIcon.swift in Sources */,
				AA000001000000000000012 /* OrchidConfig.swift in Sources */,
				AA000001000000000000013 /* ServerManager.swift in Sources */,
				AA000001000000000000020 /* HuggingFaceDownloader.swift in Sources */,
				AA000001000000000000021 /* ModelDownloadWindowController.swift in Sources */,
			);
			runOnlyForDeploymentPostprocessing = 0;
		};
/* End PBXSourcesBuildPhase section */

/* Begin XCRemoteSwiftPackageReference section */
		AA000013000000000000001 /* XCRemoteSwiftPackageReference "TOMLKit" */ = {
			isa = XCRemoteSwiftPackageReference;
			repositoryURL = "https://github.com/LebJe/TOMLKit";
			requirement = {
				kind = versionRange;
				minimumVersion = 0.6.0;
				maximumVersion = 1.0.0;
			};
		};
/* End XCRemoteSwiftPackageReference section */

/* Begin XCSwiftPackageProductDependency section */
		AA000012000000000000001 /* TOMLKit */ = {
			isa = XCSwiftPackageProductDependency;
			package = AA000013000000000000001 /* XCRemoteSwiftPackageReference "TOMLKit" */;
			productName = TOMLKit;
		};
/* End XCSwiftPackageProductDependency section */

/* Begin XCBuildConfiguration section */
		AA000010000000000000001 /* Debug */ = {
			isa = XCBuildConfiguration;
			buildSettings = {
				ALWAYS_SEARCH_USER_PATHS = NO;
				ASSETCATALOG_COMPILER_GENERATE_SWIFT_ASSET_SYMBOL_EXTENSIONS = YES;
				CLANG_ANALYZER_NONNULL = YES;
				CLANG_ANALYZER_NUMBER_OBJECT_CONVERSION = YES_AGGRESSIVE;
				CLANG_CXX_LANGUAGE_STANDARD = "gnu++20";
				CLANG_ENABLE_MODULES = YES;
				CLANG_ENABLE_OBJC_ARC = YES;
				CLANG_ENABLE_OBJC_WEAK = YES;
				CLANG_WARN_BLOCK_CAPTURE_AUTORELEASING = YES;
				CLANG_WARN_BOOL_CONVERSION = YES;
				CLANG_WARN_COMMA = YES;
				CLANG_WARN_CONSTANT_CONVERSION = YES;
				CLANG_WARN_DEPRECATED_OBJC_IMPLEMENTATIONS = YES;
				CLANG_WARN_DIRECT_OBJC_ISA_USAGE = YES_ERROR;
				CLANG_WARN_DOCUMENTATION_COMMENTS = YES;
				CLANG_WARN_EMPTY_BODY = YES;
				CLANG_WARN_ENUM_CONVERSION = YES;
				CLANG_WARN_INFINITE_RECURSION = YES;
				CLANG_WARN_INT_CONVERSION = YES;
				CLANG_WARN_NON_LITERAL_NULL_CONVERSION = YES;
				CLANG_WARN_OBJC_IMPLICIT_RETAIN_SELF = YES;
				CLANG_WARN_OBJC_LITERAL_CONVERSION = YES;
				CLANG_WARN_OBJC_ROOT_CLASS = YES_ERROR;
				CLANG_WARN_QUOTED_INCLUDE_IN_FRAMEWORK_HEADER = YES;
				CLANG_WARN_RANGE_LOOP_ANALYSIS = YES;
				CLANG_WARN_STRICT_PROTOTYPES = YES;
				CLANG_WARN_SUSPICIOUS_MOVE = YES;
				CLANG_WARN_UNGUARDED_AVAILABILITY = YES_AGGRESSIVE;
				CLANG_WARN_UNREACHABLE_CODE = YES;
				CLANG_WARN__DUPLICATE_METHOD_MATCH = YES;
				COPY_PHASE_STRIP = NO;
				DEBUG_INFORMATION_FORMAT = dwarf;
				ENABLE_STRICT_OBJC_MSGSEND = YES;
				ENABLE_TESTABILITY = YES;
				ENABLE_USER_SCRIPT_SANDBOXING = YES;
				GCC_C_LANGUAGE_STANDARD = gnu17;
				GCC_DYNAMIC_NO_PIC = NO;
				GCC_NO_COMMON_BLOCKS = YES;
				GCC_OPTIMIZATION_LEVEL = 0;
				GCC_PREPROCESSOR_DEFINITIONS = (
					"DEBUG=1",
					"$(inherited)",
				);
				GCC_WARN_64_TO_32_BIT_CONVERSION = YES;
				GCC_WARN_ABOUT_RETURN_TYPE = YES_ERROR;
				GCC_WARN_UNDECLARED_SELECTOR = YES;
				GCC_WARN_UNINITIALIZED_AUTOS = YES_AGGRESSIVE;
				GCC_WARN_UNUSED_FUNCTION = YES;
				GCC_WARN_UNUSED_VARIABLE = YES;
				MACOSX_DEPLOYMENT_TARGET = 13.0;
				MTL_ENABLE_DEBUG_INFO = INCLUDE_SOURCE;
				MTL_FAST_MATH = YES;
				ONLY_ACTIVE_ARCH = YES;
				SDKROOT = macosx;
				SWIFT_ACTIVE_COMPILATION_CONDITIONS = "DEBUG $(inherited)";
				SWIFT_OPTIMIZATION_LEVEL = "-Onone";
			};
			name = Debug;
		};
		AA000010000000000000002 /* Release */ = {
			isa = XCBuildConfiguration;
			buildSettings = {
				ALWAYS_SEARCH_USER_PATHS = NO;
				ASSETCATALOG_COMPILER_GENERATE_SWIFT_ASSET_SYMBOL_EXTENSIONS = YES;
				CLANG_ANALYZER_NONNULL = YES;
				CLANG_ANALYZER_NUMBER_OBJECT_CONVERSION = YES_AGGRESSIVE;
				CLANG_CXX_LANGUAGE_STANDARD = "gnu++20";
				CLANG_ENABLE_MODULES = YES;
				CLANG_ENABLE_OBJC_ARC = YES;
				CLANG_ENABLE_OBJC_WEAK = YES;
				CLANG_WARN_BLOCK_CAPTURE_AUTORELEASING = YES;
				CLANG_WARN_BOOL_CONVERSION = YES;
				CLANG_WARN_COMMA = YES;
				CLANG_WARN_CONSTANT_CONVERSION = YES;
				CLANG_WARN_DEPRECATED_OBJC_IMPLEMENTATIONS = YES;
				CLANG_WARN_DIRECT_OBJC_ISA_USAGE = YES_ERROR;
				CLANG_WARN_DOCUMENTATION_COMMENTS = YES;
				CLANG_WARN_EMPTY_BODY = YES;
				CLANG_WARN_ENUM_CONVERSION = YES;
				CLANG_WARN_INFINITE_RECURSION = YES;
				CLANG_WARN_INT_CONVERSION = YES;
				CLANG_WARN_NON_LITERAL_NULL_CONVERSION = YES;
				CLANG_WARN_OBJC_IMPLICIT_RETAIN_SELF = YES;
				CLANG_WARN_OBJC_LITERAL_CONVERSION = YES;
				CLANG_WARN_OBJC_ROOT_CLASS = YES_ERROR;
				CLANG_WARN_QUOTED_INCLUDE_IN_FRAMEWORK_HEADER = YES;
				CLANG_WARN_RANGE_LOOP_ANALYSIS = YES;
				CLANG_WARN_STRICT_PROTOTYPES = YES;
				CLANG_WARN_SUSPICIOUS_MOVE = YES;
				CLANG_WARN_UNGUARDED_AVAILABILITY = YES_AGGRESSIVE;
				CLANG_WARN_UNREACHABLE_CODE = YES;
				CLANG_WARN__DUPLICATE_METHOD_MATCH = YES;
				COPY_PHASE_STRIP = NO;
				DEBUG_INFORMATION_FORMAT = "dwarf-with-dsym";
				ENABLE_NS_ASSERTIONS = NO;
				ENABLE_STRICT_OBJC_MSGSEND = YES;
				ENABLE_USER_SCRIPT_SANDBOXING = YES;
				GCC_C_LANGUAGE_STANDARD = gnu17;
				GCC_NO_COMMON_BLOCKS = YES;
				GCC_WARN_64_TO_32_BIT_CONVERSION = YES;
				GCC_WARN_ABOUT_RETURN_TYPE = YES_ERROR;
				GCC_WARN_UNDECLARED_SELECTOR = YES;
				GCC_WARN_UNINITIALIZED_AUTOS = YES_AGGRESSIVE;
				GCC_WARN_UNUSED_FUNCTION = YES;
				GCC_WARN_UNUSED_VARIABLE = YES;
				MACOSX_DEPLOYMENT_TARGET = 13.0;
				MTL_FAST_MATH = YES;
				SDKROOT = macosx;
				SWIFT_COMPILATION_MODE = wholemodule;
			};
			name = Release;
		};
		AA000011000000000000001 /* Debug */ = {
			isa = XCBuildConfiguration;
			buildSettings = {
				CODE_SIGN_ENTITLEMENTS = Orchid/Orchid.entitlements;
				CODE_SIGN_IDENTITY = "-";
				CODE_SIGN_STYLE = Automatic;
				COMBINE_HIDPI_IMAGES = YES;
				CURRENT_PROJECT_VERSION = 1;
				DEVELOPMENT_TEAM = "";
				ENABLE_HARDENED_RUNTIME = NO;
				GENERATE_INFOPLIST_FILE = NO;
				INFOPLIST_FILE = Orchid/Info.plist;
				LD_RUNPATH_SEARCH_PATHS = (
					"$(inherited)",
					"@executable_path/../Frameworks",
				);
				MARKETING_VERSION = 1.0;
				ASSETCATALOG_COMPILER_APPICON_NAME = AppIcon;
				ICON_FILE = AppIcon.icns;
				PRODUCT_BUNDLE_IDENTIFIER = com.orchid.app;
				PRODUCT_NAME = "$(TARGET_NAME)";
				SWIFT_EMIT_LOC_STRINGS = YES;
				SWIFT_VERSION = 5.0;
			};
			name = Debug;
		};
		AA000011000000000000002 /* Release */ = {
			isa = XCBuildConfiguration;
			buildSettings = {
				CODE_SIGN_ENTITLEMENTS = Orchid/Orchid.entitlements;
				CODE_SIGN_IDENTITY = "-";
				CODE_SIGN_STYLE = Automatic;
				COMBINE_HIDPI_IMAGES = YES;
				CURRENT_PROJECT_VERSION = 1;
				DEVELOPMENT_TEAM = "";
				ENABLE_HARDENED_RUNTIME = NO;
				GENERATE_INFOPLIST_FILE = NO;
				INFOPLIST_FILE = Orchid/Info.plist;
				LD_RUNPATH_SEARCH_PATHS = (
					"$(inherited)",
					"@executable_path/../Frameworks",
				);
				MARKETING_VERSION = 1.0;
				ASSETCATALOG_COMPILER_APPICON_NAME = AppIcon;
				ICON_FILE = AppIcon.icns;
				PRODUCT_BUNDLE_IDENTIFIER = com.orchid.app;
				PRODUCT_NAME = "$(TARGET_NAME)";
				SWIFT_EMIT_LOC_STRINGS = YES;
				SWIFT_VERSION = 5.0;
			};
			name = Release;
		};
/* End XCBuildConfiguration section */

/* Begin XCConfigurationList section */
		AA000009000000000000001 /* Build configuration list for PBXProject "Orchid" */ = {
			isa = XCConfigurationList;
			buildConfigurations = (
				AA000010000000000000001 /* Debug */,
				AA000010000000000000002 /* Release */,
			);
			defaultConfigurationIsVisible = 0;
			defaultConfigurationName = Release;
		};
		AA000009000000000000002 /* Build configuration list for PBXNativeTarget "Orchid" */ = {
			isa = XCConfigurationList;
			buildConfigurations = (
				AA000011000000000000001 /* Debug */,
				AA000011000000000000002 /* Release */,
			);
			defaultConfigurationIsVisible = 0;
			defaultConfigurationName = Release;
		};
/* End XCConfigurationList section */

	};
	rootObject = AA000000000000000000001 /* Project object */;
}
